// !$*UTF8*$!
{
	archiveVersion = 1;
	classes = {
	};
	objectVersion = 50;
	objects = {

/* Begin PBXBuildFile section */
		966F482921C088230050D045 /* XG_AlbumCell.m in Sources */ = {isa = PBXBuildFile; fileRef = 966F480521C088220050D045 /* XG_AlbumCell.m */; };
		966F482A21C088230050D045 /* XG_RootViewController.m in Sources */ = {isa = PBXBuildFile; fileRef = 966F480621C088220050D045 /* XG_RootViewController.m */; };
		966F482B21C088230050D045 /* XG_BarButton.m in Sources */ = {isa = PBXBuildFile; fileRef = 966F480821C088220050D045 /* XG_BarButton.m */; };
		966F482C21C088230050D045 /* XG_AssetModel.m in Sources */ = {isa = PBXBuildFile; fileRef = 966F480921C088220050D045 /* XG_AssetModel.m */; };
		966F482F21C088230050D045 /* XG_PlayerManager.m in Sources */ = {isa = PBXBuildFile; fileRef = 966F481421C088220050D045 /* XG_PlayerManager.m */; };
		966F483021C088230050D045 /* XG_MediaBrowseView.m in Sources */ = {isa = PBXBuildFile; fileRef = 966F481521C088220050D045 /* XG_MediaBrowseView.m */; };
		966F483121C088230050D045 /* XG_MediaCell.m in Sources */ = {isa = PBXBuildFile; fileRef = 966F481621C088220050D045 /* XG_MediaCell.m */; };
		966F483221C088230050D045 /* UIView+XGAdd.m in Sources */ = {isa = PBXBuildFile; fileRef = 966F481721C088220050D045 /* UIView+XGAdd.m */; };
		966F483321C088230050D045 /* XG_AssetCell.xib in Resources */ = {isa = PBXBuildFile; fileRef = 966F481C21C088220050D045 /* XG_AssetCell.xib */; };
		966F483421C088230050D045 /* XG_AlbumCell.xib in Resources */ = {isa = PBXBuildFile; fileRef = 966F481D21C088220050D045 /* XG_AlbumCell.xib */; };
		966F483521C088230050D045 /* XG_AssetCell.m in Sources */ = {isa = PBXBuildFile; fileRef = 966F482021C088220050D045 /* XG_AssetCell.m */; };
		966F483621C088230050D045 /* AssetPicker.bundle in Resources */ = {isa = PBXBuildFile; fileRef = 966F482321C088220050D045 /* AssetPicker.bundle */; };
		966F483721C088230050D045 /* XG_AssetPickerManager.m in Sources */ = {isa = PBXBuildFile; fileRef = 966F482421C088220050D045 /* XG_AssetPickerManager.m */; };
		966F483821C088230050D045 /* XG_AssetPickerController.m in Sources */ = {isa = PBXBuildFile; fileRef = 966F482521C088220050D045 /* XG_AssetPickerController.m */; };
		966F483921C088230050D045 /* XG_AlbumModel.m in Sources */ = {isa = PBXBuildFile; fileRef = 966F482621C088220050D045 /* XG_AlbumModel.m */; };
		966F483A21C088230050D045 /* XG_TitleView.m in Sources */ = {isa = PBXBuildFile; fileRef = 966F482821C088220050D045 /* XG_TitleView.m */; };
		9FBA348AA3741EC5B31EF4D7 /* libPods-XGAssetPickerController-Demo.a in Frameworks */ = {isa = PBXBuildFile; fileRef = 1EE6A0B39E2BBBA51E9DA963 /* libPods-XGAssetPickerController-Demo.a */; };
		C9D7695D2191357800C8A561 /* AppDelegate.m in Sources */ = {isa = PBXBuildFile; fileRef = C9D7695C2191357800C8A561 /* AppDelegate.m */; };
		C9D769602191357800C8A561 /* ViewController.m in Sources */ = {isa = PBXBuildFile; fileRef = C9D7695F2191357800C8A561 /* ViewController.m */; };
		C9D769632191357800C8A561 /* Main.storyboard in Resources */ = {isa = PBXBuildFile; fileRef = C9D769612191357800C8A561 /* Main.storyboard */; };
		C9D769652191357900C8A561 /* Assets.xcassets in Resources */ = {isa = PBXBuildFile; fileRef = C9D769642191357900C8A561 /* Assets.xcassets */; };
		C9D769682191357900C8A561 /* LaunchScreen.storyboard in Resources */ = {isa = PBXBuildFile; fileRef = C9D769662191357900C8A561 /* LaunchScreen.storyboard */; };
		C9D7696B2191357900C8A561 /* main.m in Sources */ = {isa = PBXBuildFile; fileRef = C9D7696A2191357900C8A561 /* main.m */; };
		C9D769752191357900C8A561 /* XGAssetPickerController-DemoTests.m in Sources */ = {isa = PBXBuildFile; fileRef = C9D769742191357900C8A561 /* XGAssetPickerController-DemoTests.m */; };
		C9D769802191357900C8A561 /* XGAssetPickerController-DemoUITests.m in Sources */ = {isa = PBXBuildFile; fileRef = C9D7697F2191357900C8A561 /* XGAssetPickerController-DemoUITests.m */; };
		C9D76A20219BC9E500C8A561 /* SelectedAssetCell.m in Sources */ = {isa = PBXBuildFile; fileRef = C9D76A1F219BC9E500C8A561 /* SelectedAssetCell.m */; };
/* End PBXBuildFile section */

/* Begin PBXContainerItemProxy section */
		C9D769712191357900C8A561 /* PBXContainerItemProxy */ = {
			isa = PBXContainerItemProxy;
			containerPortal = C9D769502191357800C8A561 /* Project object */;
			proxyType = 1;
			remoteGlobalIDString = C9D769572191357800C8A561;
			remoteInfo = "XGAssetPickerController-Demo";
		};
		C9D7697C2191357900C8A561 /* PBXContainerItemProxy */ = {
			isa = PBXContainerItemProxy;
			containerPortal = C9D769502191357800C8A561 /* Project object */;
			proxyType = 1;
			remoteGlobalIDString = C9D769572191357800C8A561;
			remoteInfo = "XGAssetPickerController-Demo";
		};
/* End PBXContainerItemProxy section */

/* Begin PBXFileReference section */
		1790A082571B371901FBB96E /* Pods-XGAssetPickerController-Demo.debug.xcconfig */ = {isa = PBXFileReference; includeInIndex = 1; lastKnownFileType = text.xcconfig; name = "Pods-XGAssetPickerController-Demo.debug.xcconfig"; path = "Pods/Target Support Files/Pods-XGAssetPickerController-Demo/Pods-XGAssetPickerController-Demo.debug.xcconfig"; sourceTree = "<group>"; };
		1EE6A0B39E2BBBA51E9DA963 /* libPods-XGAssetPickerController-Demo.a */ = {isa = PBXFileReference; explicitFileType = archive.ar; includeInIndex = 0; path = "libPods-XGAssetPickerController-Demo.a"; sourceTree = BUILT_PRODUCTS_DIR; };
		966F480421C088220050D045 /* XG_AssetCell.h */ = {isa = PBXFileReference; fileEncoding = 4; lastKnownFileType = sourcecode.c.h; path = XG_AssetCell.h; sourceTree = "<group>"; };
		966F480521C088220050D045 /* XG_AlbumCell.m */ = {isa = PBXFileReference; fileEncoding = 4; lastKnownFileType = sourcecode.c.objc; path = XG_AlbumCell.m; sourceTree = "<group>"; };
		966F480621C088220050D045 /* XG_RootViewController.m */ = {isa = PBXFileReference; fileEncoding = 4; lastKnownFileType = sourcecode.c.objc; path = XG_RootViewController.m; sourceTree = "<group>"; };
		966F480721C088220050D045 /* XG_AssetPickerManager.h */ = {isa = PBXFileReference; fileEncoding = 4; lastKnownFileType = sourcecode.c.h; path = XG_AssetPickerManager.h; sourceTree = "<group>"; };
		966F480821C088220050D045 /* XG_BarButton.m */ = {isa = PBXFileReference; fileEncoding = 4; lastKnownFileType = sourcecode.c.objc; path = XG_BarButton.m; sourceTree = "<group>"; };
		966F480921C088220050D045 /* XG_AssetModel.m */ = {isa = PBXFileReference; fileEncoding = 4; lastKnownFileType = sourcecode.c.objc; path = XG_AssetModel.m; sourceTree = "<group>"; };
		966F480B21C088220050D045 /* XG_MediaBrowseView.h */ = {isa = PBXFileReference; fileEncoding = 4; lastKnownFileType = sourcecode.c.h; path = XG_MediaBrowseView.h; sourceTree = "<group>"; };
		966F481121C088220050D045 /* XG_MediaCell.h */ = {isa = PBXFileReference; fileEncoding = 4; lastKnownFileType = sourcecode.c.h; path = XG_MediaCell.h; sourceTree = "<group>"; };
		966F481321C088220050D045 /* XG_PlayerManager.h */ = {isa = PBXFileReference; fileEncoding = 4; lastKnownFileType = sourcecode.c.h; path = XG_PlayerManager.h; sourceTree = "<group>"; };
		966F481421C088220050D045 /* XG_PlayerManager.m */ = {isa = PBXFileReference; fileEncoding = 4; lastKnownFileType = sourcecode.c.objc; path = XG_PlayerManager.m; sourceTree = "<group>"; };
		966F481521C088220050D045 /* XG_MediaBrowseView.m */ = {isa = PBXFileReference; fileEncoding = 4; lastKnownFileType = sourcecode.c.objc; path = XG_MediaBrowseView.m; sourceTree = "<group>"; };
		966F481621C088220050D045 /* XG_MediaCell.m */ = {isa = PBXFileReference; fileEncoding = 4; lastKnownFileType = sourcecode.c.objc; path = XG_MediaCell.m; sourceTree = "<group>"; };
		966F481721C088220050D045 /* UIView+XGAdd.m */ = {isa = PBXFileReference; fileEncoding = 4; lastKnownFileType = sourcecode.c.objc; path = "UIView+XGAdd.m"; sourceTree = "<group>"; };
		966F481821C088220050D045 /* XG_AlbumModel.h */ = {isa = PBXFileReference; fileEncoding = 4; lastKnownFileType = sourcecode.c.h; path = XG_AlbumModel.h; sourceTree = "<group>"; };
		966F481921C088220050D045 /* XG_AssetPickerController.h */ = {isa = PBXFileReference; fileEncoding = 4; lastKnownFileType = sourcecode.c.h; path = XG_AssetPickerController.h; sourceTree = "<group>"; };
		966F481A21C088220050D045 /* XG_TitleView.h */ = {isa = PBXFileReference; fileEncoding = 4; lastKnownFileType = sourcecode.c.h; path = XG_TitleView.h; sourceTree = "<group>"; };
		966F481B21C088220050D045 /* XG_PickerMacro.h */ = {isa = PBXFileReference; fileEncoding = 4; lastKnownFileType = sourcecode.c.h; path = XG_PickerMacro.h; sourceTree = "<group>"; };
		966F481C21C088220050D045 /* XG_AssetCell.xib */ = {isa = PBXFileReference; fileEncoding = 4; lastKnownFileType = file.xib; path = XG_AssetCell.xib; sourceTree = "<group>"; };
		966F481D21C088220050D045 /* XG_AlbumCell.xib */ = {isa = PBXFileReference; fileEncoding = 4; lastKnownFileType = file.xib; path = XG_AlbumCell.xib; sourceTree = "<group>"; };
		966F481E21C088220050D045 /* XG_RootViewController.h */ = {isa = PBXFileReference; fileEncoding = 4; lastKnownFileType = sourcecode.c.h; path = XG_RootViewController.h; sourceTree = "<group>"; };
		966F481F21C088220050D045 /* XG_AlbumCell.h */ = {isa = PBXFileReference; fileEncoding = 4; lastKnownFileType = sourcecode.c.h; path = XG_AlbumCell.h; sourceTree = "<group>"; };
		966F482021C088220050D045 /* XG_AssetCell.m */ = {isa = PBXFileReference; fileEncoding = 4; lastKnownFileType = sourcecode.c.objc; path = XG_AssetCell.m; sourceTree = "<group>"; };
		966F482121C088220050D045 /* XG_AssetModel.h */ = {isa = PBXFileReference; fileEncoding = 4; lastKnownFileType = sourcecode.c.h; path = XG_AssetModel.h; sourceTree = "<group>"; };
		966F482221C088220050D045 /* XG_BarButton.h */ = {isa = PBXFileReference; fileEncoding = 4; lastKnownFileType = sourcecode.c.h; path = XG_BarButton.h; sourceTree = "<group>"; };
		966F482321C088220050D045 /* AssetPicker.bundle */ = {isa = PBXFileReference; lastKnownFileType = "wrapper.plug-in"; path = AssetPicker.bundle; sourceTree = "<group>"; };
		966F482421C088220050D045 /* XG_AssetPickerManager.m */ = {isa = PBXFileReference; fileEncoding = 4; lastKnownFileType = sourcecode.c.objc; path = XG_AssetPickerManager.m; sourceTree = "<group>"; };
		966F482521C088220050D045 /* XG_AssetPickerController.m */ = {isa = PBXFileReference; fileEncoding = 4; lastKnownFileType = sourcecode.c.objc; path = XG_AssetPickerController.m; sourceTree = "<group>"; };
		966F482621C088220050D045 /* XG_AlbumModel.m */ = {isa = PBXFileReference; fileEncoding = 4; lastKnownFileType = sourcecode.c.objc; path = XG_AlbumModel.m; sourceTree = "<group>"; };
		966F482721C088220050D045 /* UIView+XGAdd.h */ = {isa = PBXFileReference; fileEncoding = 4; lastKnownFileType = sourcecode.c.h; path = "UIView+XGAdd.h"; sourceTree = "<group>"; };
		966F482821C088220050D045 /* XG_TitleView.m */ = {isa = PBXFileReference; fileEncoding = 4; lastKnownFileType = sourcecode.c.objc; path = XG_TitleView.m; sourceTree = "<group>"; };
		C9D769582191357800C8A561 /* XGAssetPickerController-Demo.app */ = {isa = PBXFileReference; explicitFileType = wrapper.application; includeInIndex = 0; path = "XGAssetPickerController-Demo.app"; sourceTree = BUILT_PRODUCTS_DIR; };
		C9D7695B2191357800C8A561 /* AppDelegate.h */ = {isa = PBXFileReference; lastKnownFileType = sourcecode.c.h; path = AppDelegate.h; sourceTree = "<group>"; };
		C9D7695C2191357800C8A561 /* AppDelegate.m */ = {isa = PBXFileReference; lastKnownFileType = sourcecode.c.objc; path = AppDelegate.m; sourceTree = "<group>"; };
		C9D7695E2191357800C8A561 /* ViewController.h */ = {isa = PBXFileReference; lastKnownFileType = sourcecode.c.h; path = ViewController.h; sourceTree = "<group>"; };
		C9D7695F2191357800C8A561 /* ViewController.m */ = {isa = PBXFileReference; lastKnownFileType = sourcecode.c.objc; path = ViewController.m; sourceTree = "<group>"; };
		C9D769622191357800C8A561 /* Base */ = {isa = PBXFileReference; lastKnownFileType = file.storyboard; name = Base; path = Base.lproj/Main.storyboard; sourceTree = "<group>"; };
		C9D769642191357900C8A561 /* Assets.xcassets */ = {isa = PBXFileReference; lastKnownFileType = folder.assetcatalog; path = Assets.xcassets; sourceTree = "<group>"; };
		C9D769672191357900C8A561 /* Base */ = {isa = PBXFileReference; lastKnownFileType = file.storyboard; name = Base; path = Base.lproj/LaunchScreen.storyboard; sourceTree = "<group>"; };
		C9D769692191357900C8A561 /* Info.plist */ = {isa = PBXFileReference; lastKnownFileType = text.plist.xml; path = Info.plist; sourceTree = "<group>"; };
		C9D7696A2191357900C8A561 /* main.m */ = {isa = PBXFileReference; lastKnownFileType = sourcecode.c.objc; path = main.m; sourceTree = "<group>"; };
		C9D769702191357900C8A561 /* XGAssetPickerController-DemoTests.xctest */ = {isa = PBXFileReference; explicitFileType = wrapper.cfbundle; includeInIndex = 0; path = "XGAssetPickerController-DemoTests.xctest"; sourceTree = BUILT_PRODUCTS_DIR; };
		C9D769742191357900C8A561 /* XGAssetPickerController-DemoTests.m */ = {isa = PBXFileReference; lastKnownFileType = sourcecode.c.objc; path = "XGAssetPickerController-DemoTests.m"; sourceTree = "<group>"; };
		C9D769762191357900C8A561 /* Info.plist */ = {isa = PBXFileReference; lastKnownFileType = text.plist.xml; path = Info.plist; sourceTree = "<group>"; };
		C9D7697B2191357900C8A561 /* XGAssetPickerController-DemoUITests.xctest */ = {isa = PBXFileReference; explicitFileType = wrapper.cfbundle; includeInIndex = 0; path = "XGAssetPickerController-DemoUITests.xctest"; sourceTree = BUILT_PRODUCTS_DIR; };
		C9D7697F2191357900C8A561 /* XGAssetPickerController-DemoUITests.m */ = {isa = PBXFileReference; lastKnownFileType = sourcecode.c.objc; path = "XGAssetPickerController-DemoUITests.m"; sourceTree = "<group>"; };
		C9D769812191357900C8A561 /* Info.plist */ = {isa = PBXFileReference; lastKnownFileType = text.plist.xml; path = Info.plist; sourceTree = "<group>"; };
		C9D769D82192DCE900C8A561 /* zh-Hans */ = {isa = PBXFileReference; lastKnownFileType = text.plist.strings; name = "zh-Hans"; path = "zh-Hans.lproj/Main.strings"; sourceTree = "<group>"; };
		C9D769D92192DCEA00C8A561 /* zh-Hans */ = {isa = PBXFileReference; lastKnownFileType = text.plist.strings; name = "zh-Hans"; path = "zh-Hans.lproj/LaunchScreen.strings"; sourceTree = "<group>"; };
		C9D76A1E219BC9E500C8A561 /* SelectedAssetCell.h */ = {isa = PBXFileReference; lastKnownFileType = sourcecode.c.h; path = SelectedAssetCell.h; sourceTree = "<group>"; };
		C9D76A1F219BC9E500C8A561 /* SelectedAssetCell.m */ = {isa = PBXFileReference; lastKnownFileType = sourcecode.c.objc; path = SelectedAssetCell.m; sourceTree = "<group>"; };
		E4EFB46C7C282CFF34295813 /* Pods-XGAssetPickerController-Demo.release.xcconfig */ = {isa = PBXFileReference; includeInIndex = 1; lastKnownFileType = text.xcconfig; name = "Pods-XGAssetPickerController-Demo.release.xcconfig"; path = "Pods/Target Support Files/Pods-XGAssetPickerController-Demo/Pods-XGAssetPickerController-Demo.release.xcconfig"; sourceTree = "<group>"; };
/* End PBXFileReference section */

/* Begin PBXFrameworksBuildPhase section */
		C9D769552191357800C8A561 /* Frameworks */ = {
			isa = PBXFrameworksBuildPhase;
			buildActionMask = 2147483647;
			files = (
				9FBA348AA3741EC5B31EF4D7 /* libPods-XGAssetPickerController-Demo.a in Frameworks */,
			);
			runOnlyForDeploymentPostprocessing = 0;
		};
		C9D7696D2191357900C8A561 /* Frameworks */ = {
			isa = PBXFrameworksBuildPhase;
			buildActionMask = 2147483647;
			files = (
			);
			runOnlyForDeploymentPostprocessing = 0;
		};
		C9D769782191357900C8A561 /* Frameworks */ = {
			isa = PBXFrameworksBuildPhase;
			buildActionMask = 2147483647;
			files = (
			);
			runOnlyForDeploymentPostprocessing = 0;
		};
/* End PBXFrameworksBuildPhase section */

/* Begin PBXGroup section */
		966F480321C088220050D045 /* XGAssetPickerController */ = {
			isa = PBXGroup;
			children = (
				966F480A21C088220050D045 /* MediaBrowseView */,
				966F480421C088220050D045 /* XG_AssetCell.h */,
				966F482021C088220050D045 /* XG_AssetCell.m */,
				966F481C21C088220050D045 /* XG_AssetCell.xib */,
				966F481F21C088220050D045 /* XG_AlbumCell.h */,
				966F480521C088220050D045 /* XG_AlbumCell.m */,
				966F481D21C088220050D045 /* XG_AlbumCell.xib */,
				966F481921C088220050D045 /* XG_AssetPickerController.h */,
				966F482521C088220050D045 /* XG_AssetPickerController.m */,
				966F480721C088220050D045 /* XG_AssetPickerManager.h */,
				966F482421C088220050D045 /* XG_AssetPickerManager.m */,
				966F482121C088220050D045 /* XG_AssetModel.h */,
				966F480921C088220050D045 /* XG_AssetModel.m */,
				966F481821C088220050D045 /* XG_AlbumModel.h */,
				966F482621C088220050D045 /* XG_AlbumModel.m */,
				966F482721C088220050D045 /* UIView+XGAdd.h */,
				966F481721C088220050D045 /* UIView+XGAdd.m */,
				966F481A21C088220050D045 /* XG_TitleView.h */,
				966F482821C088220050D045 /* XG_TitleView.m */,
				966F482221C088220050D045 /* XG_BarButton.h */,
				966F480821C088220050D045 /* XG_BarButton.m */,
				966F481E21C088220050D045 /* XG_RootViewController.h */,
				966F480621C088220050D045 /* XG_RootViewController.m */,
				966F481B21C088220050D045 /* XG_PickerMacro.h */,
				966F482321C088220050D045 /* AssetPicker.bundle */,
			);
			name = XGAssetPickerController;
			path = ../XGAssetPickerController;
			sourceTree = "<group>";
		};
		966F480A21C088220050D045 /* MediaBrowseView */ = {
			isa = PBXGroup;
			children = (
				966F480B21C088220050D045 /* XG_MediaBrowseView.h */,
				966F481521C088220050D045 /* XG_MediaBrowseView.m */,
				966F481121C088220050D045 /* XG_MediaCell.h */,
				966F481621C088220050D045 /* XG_MediaCell.m */,
				966F481221C088220050D045 /* PlayerManager */,
			);
			path = MediaBrowseView;
			sourceTree = "<group>";
		};
		966F481221C088220050D045 /* PlayerManager */ = {
			isa = PBXGroup;
			children = (
				966F481321C088220050D045 /* XG_PlayerManager.h */,
				966F481421C088220050D045 /* XG_PlayerManager.m */,
			);
			path = PlayerManager;
			sourceTree = "<group>";
		};
		B91E3B3FF8B24FAAFC7EAE6E /* Frameworks */ = {
			isa = PBXGroup;
			children = (
				1EE6A0B39E2BBBA51E9DA963 /* libPods-XGAssetPickerController-Demo.a */,
			);
			name = Frameworks;
			sourceTree = "<group>";
		};
		C9D7694F2191357800C8A561 = {
			isa = PBXGroup;
			children = (
				966F480321C088220050D045 /* XGAssetPickerController */,
				C9D7695A2191357800C8A561 /* XGAssetPickerController-Demo */,
				C9D769732191357900C8A561 /* XGAssetPickerController-DemoTests */,
				C9D7697E2191357900C8A561 /* XGAssetPickerController-DemoUITests */,
				C9D769592191357800C8A561 /* Products */,
				DE6942A65F7F7E7995724D8D /* Pods */,
				B91E3B3FF8B24FAAFC7EAE6E /* Frameworks */,
			);
			sourceTree = "<group>";
		};
		C9D769592191357800C8A561 /* Products */ = {
			isa = PBXGroup;
			children = (
				C9D769582191357800C8A561 /* XGAssetPickerController-Demo.app */,
				C9D769702191357900C8A561 /* XGAssetPickerController-DemoTests.xctest */,
				C9D7697B2191357900C8A561 /* XGAssetPickerController-DemoUITests.xctest */,
			);
			name = Products;
			sourceTree = "<group>";
		};
		C9D7695A2191357800C8A561 /* XGAssetPickerController-Demo */ = {
			isa = PBXGroup;
			children = (
				C9D7695B2191357800C8A561 /* AppDelegate.h */,
				C9D7695C2191357800C8A561 /* AppDelegate.m */,
				C9D7695E2191357800C8A561 /* ViewController.h */,
				C9D7695F2191357800C8A561 /* ViewController.m */,
				C9D76A1E219BC9E500C8A561 /* SelectedAssetCell.h */,
				C9D76A1F219BC9E500C8A561 /* SelectedAssetCell.m */,
				C9D769612191357800C8A561 /* Main.storyboard */,
				C9D769642191357900C8A561 /* Assets.xcassets */,
				C9D769662191357900C8A561 /* LaunchScreen.storyboard */,
				C9D769692191357900C8A561 /* Info.plist */,
				C9D7696A2191357900C8A561 /* main.m */,
			);
			path = "XGAssetPickerController-Demo";
			sourceTree = "<group>";
		};
		C9D769732191357900C8A561 /* XGAssetPickerController-DemoTests */ = {
			isa = PBXGroup;
			children = (
				C9D769742191357900C8A561 /* XGAssetPickerController-DemoTests.m */,
				C9D769762191357900C8A561 /* Info.plist */,
			);
			path = "XGAssetPickerController-DemoTests";
			sourceTree = "<group>";
		};
		C9D7697E2191357900C8A561 /* XGAssetPickerController-DemoUITests */ = {
			isa = PBXGroup;
			children = (
				C9D7697F2191357900C8A561 /* XGAssetPickerController-DemoUITests.m */,
				C9D769812191357900C8A561 /* Info.plist */,
			);
			path = "XGAssetPickerController-DemoUITests";
			sourceTree = "<group>";
		};
		DE6942A65F7F7E7995724D8D /* Pods */ = {
			isa = PBXGroup;
			children = (
				1790A082571B371901FBB96E /* Pods-XGAssetPickerController-Demo.debug.xcconfig */,
				E4EFB46C7C282CFF34295813 /* Pods-XGAssetPickerController-Demo.release.xcconfig */,
			);
			name = Pods;
			sourceTree = "<group>";
		};
/* End PBXGroup section */

/* Begin PBXNativeTarget section */
		C9D769572191357800C8A561 /* XGAssetPickerController-Demo */ = {
			isa = PBXNativeTarget;
			buildConfigurationList = C9D769842191357900C8A561 /* Build configuration list for PBXNativeTarget "XGAssetPickerController-Demo" */;
			buildPhases = (
				A845E99977C32EF652003F22 /* [CP] Check Pods Manifest.lock */,
				C9D769542191357800C8A561 /* Sources */,
				C9D769552191357800C8A561 /* Frameworks */,
				C9D769562191357800C8A561 /* Resources */,
			);
			buildRules = (
			);
			dependencies = (
			);
			name = "XGAssetPickerController-Demo";
			productName = "XGAssetPickerController-Demo";
			productReference = C9D769582191357800C8A561 /* XGAssetPickerController-Demo.app */;
			productType = "com.apple.product-type.application";
		};
		C9D7696F2191357900C8A561 /* XGAssetPickerController-DemoTests */ = {
			isa = PBXNativeTarget;
			buildConfigurationList = C9D769872191357900C8A561 /* Build configuration list for PBXNativeTarget "XGAssetPickerController-DemoTests" */;
			buildPhases = (
				C9D7696C2191357900C8A561 /* Sources */,
				C9D7696D2191357900C8A561 /* Frameworks */,
				C9D7696E2191357900C8A561 /* Resources */,
			);
			buildRules = (
			);
			dependencies = (
				C9D769722191357900C8A561 /* PBXTargetDependency */,
			);
			name = "XGAssetPickerController-DemoTests";
			productName = "XGAssetPickerController-DemoTests";
			productReference = C9D769702191357900C8A561 /* XGAssetPickerController-DemoTests.xctest */;
			productType = "com.apple.product-type.bundle.unit-test";
		};
		C9D7697A2191357900C8A561 /* XGAssetPickerController-DemoUITests */ = {
			isa = PBXNativeTarget;
			buildConfigurationList = C9D7698A2191357900C8A561 /* Build configuration list for PBXNativeTarget "XGAssetPickerController-DemoUITests" */;
			buildPhases = (
				C9D769772191357900C8A561 /* Sources */,
				C9D769782191357900C8A561 /* Frameworks */,
				C9D769792191357900C8A561 /* Resources */,
			);
			buildRules = (
			);
			dependencies = (
				C9D7697D2191357900C8A561 /* PBXTargetDependency */,
			);
			name = "XGAssetPickerController-DemoUITests";
			productName = "XGAssetPickerController-DemoUITests";
			productReference = C9D7697B2191357900C8A561 /* XGAssetPickerController-DemoUITests.xctest */;
			productType = "com.apple.product-type.bundle.ui-testing";
		};
/* End PBXNativeTarget section */

/* Begin PBXProject section */
		C9D769502191357800C8A561 /* Project object */ = {
			isa = PBXProject;
			attributes = {
				LastUpgradeCheck = 0940;
				ORGANIZATIONNAME = huxinguang;
				TargetAttributes = {
					C9D769572191357800C8A561 = {
						CreatedOnToolsVersion = 9.4.1;
					};
					C9D7696F2191357900C8A561 = {
						CreatedOnToolsVersion = 9.4.1;
						TestTargetID = C9D769572191357800C8A561;
					};
					C9D7697A2191357900C8A561 = {
						CreatedOnToolsVersion = 9.4.1;
						TestTargetID = C9D769572191357800C8A561;
					};
				};
			};
			buildConfigurationList = C9D769532191357800C8A561 /* Build configuration list for PBXProject "XGAssetPickerController-Demo" */;
			compatibilityVersion = "Xcode 9.3";
			developmentRegion = en;
			hasScannedForEncodings = 0;
			knownRegions = (
				en,
				Base,
				"zh-Hans",
			);
			mainGroup = C9D7694F2191357800C8A561;
			productRefGroup = C9D769592191357800C8A561 /* Products */;
			projectDirPath = "";
			projectRoot = "";
			targets = (
				C9D769572191357800C8A561 /* XGAssetPickerController-Demo */,
				C9D7696F2191357900C8A561 /* XGAssetPickerController-DemoTests */,
				C9D7697A2191357900C8A561 /* XGAssetPickerController-DemoUITests */,
			);
		};
/* End PBXProject section */

/* Begin PBXResourcesBuildPhase section */
		C9D769562191357800C8A561 /* Resources */ = {
			isa = PBXResourcesBuildPhase;
			buildActionMask = 2147483647;
			files = (
				C9D769682191357900C8A561 /* LaunchScreen.storyboard in Resources */,
				C9D769652191357900C8A561 /* Assets.xcassets in Resources */,
				C9D769632191357800C8A561 /* Main.storyboard in Resources */,
				966F483321C088230050D045 /* XG_AssetCell.xib in Resources */,
				966F483621C088230050D045 /* AssetPicker.bundle in Resources */,
				966F483421C088230050D045 /* XG_AlbumCell.xib in Resources */,
			);
			runOnlyForDeploymentPostprocessing = 0;
		};
		C9D7696E2191357900C8A561 /* Resources */ = {
			isa = PBXResourcesBuildPhase;
			buildActionMask = 2147483647;
			files = (
			);
			runOnlyForDeploymentPostprocessing = 0;
		};
		C9D769792191357900C8A561 /* Resources */ = {
			isa = PBXResourcesBuildPhase;
			buildActionMask = 2147483647;
			files = (
			);
			runOnlyForDeploymentPostprocessing = 0;
		};
/* End PBXResourcesBuildPhase section */

/* Begin PBXShellScriptBuildPhase section */
		A845E99977C32EF652003F22 /* [CP] Check Pods Manifest.lock */ = {
			isa = PBXShellScriptBuildPhase;
			buildActionMask = 2147483647;
			files = (
			);
			inputFileListPaths = (
			);
			inputPaths = (
				"${PODS_PODFILE_DIR_PATH}/Podfile.lock",
				"${PODS_ROOT}/Manifest.lock",
			);
			name = "[CP] Check Pods Manifest.lock";
			outputFileListPaths = (
			);
			outputPaths = (
				"$(DERIVED_FILE_DIR)/Pods-XGAssetPickerController-Demo-checkManifestLockResult.txt",
			);
			runOnlyForDeploymentPostprocessing = 0;
			shellPath = /bin/sh;
			shellScript = "diff \"${PODS_PODFILE_DIR_PATH}/Podfile.lock\" \"${PODS_ROOT}/Manifest.lock\" > /dev/null\nif [ $? != 0 ] ; then\n    # print error to STDERR\n    echo \"error: The sandbox is not in sync with the Podfile.lock. Run 'pod install' or update your CocoaPods installation.\" >&2\n    exit 1\nfi\n# This output is used by Xcode 'outputs' to avoid re-running this script phase.\necho \"SUCCESS\" > \"${SCRIPT_OUTPUT_FILE_0}\"\n";
			showEnvVarsInLog = 0;
		};
/* End PBXShellScriptBuildPhase section */

/* Begin PBXSourcesBuildPhase section */
		C9D769542191357800C8A561 /* Sources */ = {
			isa = PBXSourcesBuildPhase;
			buildActionMask = 2147483647;
			files = (
				966F482921C088230050D045 /* XG_AlbumCell.m in Sources */,
				966F482C21C088230050D045 /* XG_AssetModel.m in Sources */,
				C9D76A20219BC9E500C8A561 /* SelectedAssetCell.m in Sources */,
				C9D769602191357800C8A561 /* ViewController.m in Sources */,
				966F483121C088230050D045 /* XG_MediaCell.m in Sources */,
				966F482F21C088230050D045 /* XG_PlayerManager.m in Sources */,
				966F483521C088230050D045 /* XG_AssetCell.m in Sources */,
				966F482A21C088230050D045 /* XG_RootViewController.m in Sources */,
				966F482B21C088230050D045 /* XG_BarButton.m in Sources */,
				966F483721C088230050D045 /* XG_AssetPickerManager.m in Sources */,
				966F483921C088230050D045 /* XG_AlbumModel.m in Sources */,
				C9D7696B2191357900C8A561 /* main.m in Sources */,
				966F483221C088230050D045 /* UIView+XGAdd.m in Sources */,
				C9D7695D2191357800C8A561 /* AppDelegate.m in Sources */,
				966F483021C088230050D045 /* XG_MediaBrowseView.m in Sources */,
				966F483A21C088230050D045 /* XG_TitleView.m in Sources */,
				966F483821C088230050D045 /* XG_AssetPickerController.m in Sources */,
			);
			runOnlyForDeploymentPostprocessing = 0;
		};
		C9D7696C2191357900C8A561 /* Sources */ = {
			isa = PBXSourcesBuildPhase;
			buildActionMask = 2147483647;
			files = (
				C9D769752191357900C8A561 /* XGAssetPickerController-DemoTests.m in Sources */,
			);
			runOnlyForDeploymentPostprocessing = 0;
		};
		C9D769772191357900C8A561 /* Sources */ = {
			isa = PBXSourcesBuildPhase;
			buildActionMask = 2147483647;
			files = (
				C9D769802191357900C8A561 /* XGAssetPickerController-DemoUITests.m in Sources */,
			);
			runOnlyForDeploymentPostprocessing = 0;
		};
/* End PBXSourcesBuildPhase section */

/* Begin PBXTargetDependency section */
		C9D769722191357900C8A561 /* PBXTargetDependency */ = {
			isa = PBXTargetDependency;
			target = C9D769572191357800C8A561 /* XGAssetPickerController-Demo */;
			targetProxy = C9D769712191357900C8A561 /* PBXContainerItemProxy */;
		};
		C9D7697D2191357900C8A561 /* PBXTargetDependency */ = {
			isa = PBXTargetDependency;
			target = C9D769572191357800C8A561 /* XGAssetPickerController-Demo */;
			targetProxy = C9D7697C2191357900C8A561 /* PBXContainerItemProxy */;
		};
/* End PBXTargetDependency section */

/* Begin PBXVariantGroup section */
		C9D769612191357800C8A561 /* Main.storyboard */ = {
			isa = PBXVariantGroup;
			children = (
				C9D769622191357800C8A561 /* Base */,
				C9D769D82192DCE900C8A561 /* zh-Hans */,
			);
			name = Main.storyboard;
			sourceTree = "<group>";
		};
		C9D769662191357900C8A561 /* LaunchScreen.storyboard */ = {
			isa = PBXVariantGroup;
			children = (
				C9D769672191357900C8A561 /* Base */,
				C9D769D92192DCEA00C8A561 /* zh-Hans */,
			);
			name = LaunchScreen.storyboard;
			sourceTree = "<group>";
		};
/* End PBXVariantGroup section */

/* Begin XCBuildConfiguration section */
		C9D769822191357900C8A561 /* Debug */ = {
			isa = XCBuildConfiguration;
			buildSettings = {
				ALWAYS_SEARCH_USER_PATHS = NO;
				CLANG_ANALYZER_LOCALIZABILITY_NONLOCALIZED = YES;
				CLANG_ANALYZER_NONNULL = YES;
				CLANG_ANALYZER_NUMBER_OBJECT_CONVERSION = YES_AGGRESSIVE;
				CLANG_CXX_LANGUAGE_STANDARD = "gnu++14";
				CLANG_CXX_LIBRARY = "libc++";
				CLANG_ENABLE_MODULES = YES;
				CLANG_ENABLE_OBJC_ARC = YES;
				CLANG_ENABLE_OBJC_WEAK = YES;
				CLANG_WARN_BLOCK_CAPTURE_AUTORELEASING = YES;
				CLANG_WARN_BOOL_CONVERSION = YES;
				CLANG_WARN_COMMA = YES;
				CLANG_WARN_CONSTANT_CONVERSION = YES;
				CLANG_WARN_DEPRECATED_OBJC_IMPLEMENTATIONS = YES;
				CLANG_WARN_DIRECT_OBJC_ISA_USAGE = YES_ERROR;
				CLANG_WARN_DOCUMENTATION_COMMENTS = YES;
				CLANG_WARN_EMPTY_BODY = YES;
				CLANG_WARN_ENUM_CONVERSION = YES;
				CLANG_WARN_INFINITE_RECURSION = YES;
				CLANG_WARN_INT_CONVERSION = YES;
				CLANG_WARN_NON_LITERAL_NULL_CONVERSION = YES;
				CLANG_WARN_OBJC_IMPLICIT_RETAIN_SELF = YES;
				CLANG_WARN_OBJC_LITERAL_CONVERSION = YES;
				CLANG_WARN_OBJC_ROOT_CLASS = YES_ERROR;
				CLANG_WARN_RANGE_LOOP_ANALYSIS = YES;
				CLANG_WARN_STRICT_PROTOTYPES = YES;
				CLANG_WARN_SUSPICIOUS_MOVE = YES;
				CLANG_WARN_UNGUARDED_AVAILABILITY = YES_AGGRESSIVE;
				CLANG_WARN_UNREACHABLE_CODE = YES;
				CLANG_WARN__DUPLICATE_METHOD_MATCH = YES;
				CODE_SIGN_IDENTITY = "iPhone Developer";
				COPY_PHASE_STRIP = NO;
				DEBUG_INFORMATION_FORMAT = dwarf;
				ENABLE_STRICT_OBJC_MSGSEND = YES;
				ENABLE_TESTABILITY = YES;
				GCC_C_LANGUAGE_STANDARD = gnu11;
				GCC_DYNAMIC_NO_PIC = NO;
				GCC_NO_COMMON_BLOCKS = YES;
				GCC_OPTIMIZATION_LEVEL = 0;
				GCC_PREPROCESSOR_DEFINITIONS = (
					"DEBUG=1",
					"$(inherited)",
				);
				GCC_WARN_64_TO_32_BIT_CONVERSION = YES;
				GCC_WARN_ABOUT_RETURN_TYPE = YES_ERROR;
				GCC_WARN_UNDECLARED_SELECTOR = YES;
				GCC_WARN_UNINITIALIZED_AUTOS = YES_AGGRESSIVE;
				GCC_WARN_UNUSED_FUNCTION = YES;
				GCC_WARN_UNUSED_VARIABLE = YES;
				IPHONEOS_DEPLOYMENT_TARGET = 8.0;
				MTL_ENABLE_DEBUG_INFO = YES;
				ONLY_ACTIVE_ARCH = YES;
				SDKROOT = iphoneos;
			};
			name = Debug;
		};
		C9D769832191357900C8A561 /* Release */ = {
			isa = XCBuildConfiguration;
			buildSettings = {
				ALWAYS_SEARCH_USER_PATHS = NO;
				CLANG_ANALYZER_LOCALIZABILITY_NONLOCALIZED = YES;
				CLANG_ANALYZER_NONNULL = YES;
				CLANG_ANALYZER_NUMBER_OBJECT_CONVERSION = YES_AGGRESSIVE;
				CLANG_CXX_LANGUAGE_STANDARD = "gnu++14";
				CLANG_CXX_LIBRARY = "libc++";
				CLANG_ENABLE_MODULES = YES;
				CLANG_ENABLE_OBJC_ARC = YES;
				CLANG_ENABLE_OBJC_WEAK = YES;
				CLANG_WARN_BLOCK_CAPTURE_AUTORELEASING = YES;
				CLANG_WARN_BOOL_CONVERSION = YES;
				CLANG_WARN_COMMA = YES;
				CLANG_WARN_CONSTANT_CONVERSION = YES;
				CLANG_WARN_DEPRECATED_OBJC_IMPLEMENTATIONS = YES;
				CLANG_WARN_DIRECT_OBJC_ISA_USAGE = YES_ERROR;
				CLANG_WARN_DOCUMENTATION_COMMENTS = YES;
				CLANG_WARN_EMPTY_BODY = YES;
				CLANG_WARN_ENUM_CONVERSION = YES;
				CLANG_WARN_INFINITE_RECURSION = YES;
				CLANG_WARN_INT_CONVERSION = YES;
				CLANG_WARN_NON_LITERAL_NULL_CONVERSION = YES;
				CLANG_WARN_OBJC_IMPLICIT_RETAIN_SELF = YES;
				CLANG_WARN_OBJC_LITERAL_CONVERSION = YES;
				CLANG_WARN_OBJC_ROOT_CLASS = YES_ERROR;
				CLANG_WARN_RANGE_LOOP_ANALYSIS = YES;
				CLANG_WARN_STRICT_PROTOTYPES = YES;
				CLANG_WARN_SUSPICIOUS_MOVE = YES;
				CLANG_WARN_UNGUARDED_AVAILABILITY = YES_AGGRESSIVE;
				CLANG_WARN_UNREACHABLE_CODE = YES;
				CLANG_WARN__DUPLICATE_METHOD_MATCH = YES;
				CODE_SIGN_IDENTITY = "iPhone Developer";
				COPY_PHASE_STRIP = NO;
				DEBUG_INFORMATION_FORMAT = "dwarf-with-dsym";
				ENABLE_NS_ASSERTIONS = NO;
				ENABLE_STRICT_OBJC_MSGSEND = YES;
				GCC_C_LANGUAGE_STANDARD = gnu11;
				GCC_NO_COMMON_BLOCKS = YES;
				GCC_WARN_64_TO_32_BIT_CONVERSION = YES;
				GCC_WARN_ABOUT_RETURN_TYPE = YES_ERROR;
				GCC_WARN_UNDECLARED_SELECTOR = YES;
				GCC_WARN_UNINITIALIZED_AUTOS = YES_AGGRESSIVE;
				GCC_WARN_UNUSED_FUNCTION = YES;
				GCC_WARN_UNUSED_VARIABLE = YES;
				IPHONEOS_DEPLOYMENT_TARGET = 8.0;
				MTL_ENABLE_DEBUG_INFO = NO;
				SDKROOT = iphoneos;
				VALIDATE_PRODUCT = YES;
			};
			name = Release;
		};
		C9D769852191357900C8A561 /* Debug */ = {
			isa = XCBuildConfiguration;
			baseConfigurationReference = 1790A082571B371901FBB96E /* Pods-XGAssetPickerController-Demo.debug.xcconfig */;
			buildSettings = {
				ASSETCATALOG_COMPILER_APPICON_NAME = AppIcon;
				CODE_SIGN_IDENTITY = "iPhone Developer";
				CODE_SIGN_STYLE = Automatic;
				DEVELOPMENT_TEAM = X2383N7DP9;
				INFOPLIST_FILE = "XGAssetPickerController-Demo/Info.plist";
				IPHONEOS_DEPLOYMENT_TARGET = 8.0;
				LD_RUNPATH_SEARCH_PATHS = (
					"$(inherited)",
					"@executable_path/Frameworks",
				);
				PRODUCT_BUNDLE_IDENTIFIER = "com.huxinguang.XGAssetPickerController-Demo";
				PRODUCT_NAME = "$(TARGET_NAME)";
				PROVISIONING_PROFILE_SPECIFIER = "";
				TARGETED_DEVICE_FAMILY = "1,2";
			};
			name = Debug;
		};
		C9D769862191357900C8A561 /* Release */ = {
			isa = XCBuildConfiguration;
			baseConfigurationReference = E4EFB46C7C282CFF34295813 /* Pods-XGAssetPickerController-Demo.release.xcconfig */;
			buildSettings = {
				ASSETCATALOG_COMPILER_APPICON_NAME = AppIcon;
				CODE_SIGN_IDENTITY = "iPhone Developer";
				CODE_SIGN_STYLE = Automatic;
				DEVELOPMENT_TEAM = X2383N7DP9;
				INFOPLIST_FILE = "XGAssetPickerController-Demo/Info.plist";
				IPHONEOS_DEPLOYMENT_TARGET = 8.0;
				LD_RUNPATH_SEARCH_PATHS = (
					"$(inherited)",
					"@executable_path/Frameworks",
				);
				PRODUCT_BUNDLE_IDENTIFIER = "com.huxinguang.XGAssetPickerController-Demo";
				PRODUCT_NAME = "$(TARGET_NAME)";
				PROVISIONING_PROFILE_SPECIFIER = "";
				TARGETED_DEVICE_FAMILY = "1,2";
			};
			name = Release;
		};
		C9D769882191357900C8A561 /* Debug */ = {
			isa = XCBuildConfiguration;
			buildSettings = {
				BUNDLE_LOADER = "$(TEST_HOST)";
				CODE_SIGN_STYLE = Automatic;
				DEVELOPMENT_TEAM = U7JKYT7J7K;
				INFOPLIST_FILE = "XGAssetPickerController-DemoTests/Info.plist";
				LD_RUNPATH_SEARCH_PATHS = (
					"$(inherited)",
					"@executable_path/Frameworks",
					"@loader_path/Frameworks",
				);
				PRODUCT_BUNDLE_IDENTIFIER = "com.skyocean.XGAssetPickerController-DemoTests";
				PRODUCT_NAME = "$(TARGET_NAME)";
				TARGETED_DEVICE_FAMILY = "1,2";
				TEST_HOST = "$(BUILT_PRODUCTS_DIR)/XGAssetPickerController-Demo.app/XGAssetPickerController-Demo";
			};
			name = Debug;
		};
		C9D769892191357900C8A561 /* Release */ = {
			isa = XCBuildConfiguration;
			buildSettings = {
				BUNDLE_LOADER = "$(TEST_HOST)";
				CODE_SIGN_STYLE = Automatic;
				DEVELOPMENT_TEAM = U7JKYT7J7K;
				INFOPLIST_FILE = "XGAssetPickerController-DemoTests/Info.plist";
				LD_RUNPATH_SEARCH_PATHS = (
					"$(inherited)",
					"@executable_path/Frameworks",
					"@loader_path/Frameworks",
				);
				PRODUCT_BUNDLE_IDENTIFIER = "com.skyocean.XGAssetPickerController-DemoTests";
				PRODUCT_NAME = "$(TARGET_NAME)";
				TARGETED_DEVICE_FAMILY = "1,2";
				TEST_HOST = "$(BUILT_PRODUCTS_DIR)/XGAssetPickerController-Demo.app/XGAssetPickerController-Demo";
			};
			name = Release;
		};
		C9D7698B2191357900C8A561 /* Debug */ = {
			isa = XCBuildConfiguration;
			buildSettings = {
				CODE_SIGN_STYLE = Automatic;
				DEVELOPMENT_TEAM = U7JKYT7J7K;
				INFOPLIST_FILE = "XGAssetPickerController-DemoUITests/Info.plist";
				LD_RUNPATH_SEARCH_PATHS = (
					"$(inherited)",
					"@executable_path/Frameworks",
					"@loader_path/Frameworks",
				);
				PRODUCT_BUNDLE_IDENTIFIER = "com.skyocean.XGAssetPickerController-DemoUITests";
				PRODUCT_NAME = "$(TARGET_NAME)";
				TARGETED_DEVICE_FAMILY = "1,2";
				TEST_TARGET_NAME = "XGAssetPickerController-Demo";
			};
			name = Debug;
		};
		C9D7698C2191357900C8A561 /* Release */ = {
			isa = XCBuildConfiguration;
			buildSettings = {
				CODE_SIGN_STYLE = Automatic;
				DEVELOPMENT_TEAM = U7JKYT7J7K;
				INFOPLIST_FILE = "XGAssetPickerController-DemoUITests/Info.plist";
				LD_RUNPATH_SEARCH_PATHS = (
					"$(inherited)",
					"@executable_path/Frameworks",
					"@loader_path/Frameworks",
				);
				PRODUCT_BUNDLE_IDENTIFIER = "com.skyocean.XGAssetPickerController-DemoUITests";
				PRODUCT_NAME = "$(TARGET_NAME)";
				TARGETED_DEVICE_FAMILY = "1,2";
				TEST_TARGET_NAME = "XGAssetPickerController-Demo";
			};
			name = Release;
		};
/* End XCBuildConfiguration section */

/* Begin XCConfigurationList section */
		C9D769532191357800C8A561 /* Build configuration list for PBXProject "XGAssetPickerController-Demo" */ = {
			isa = XCConfigurationList;
			buildConfigurations = (
				C9D769822191357900C8A561 /* Debug */,
				C9D769832191357900C8A561 /* Release */,
			);
			defaultConfigurationIsVisible = 0;
			defaultConfigurationName = Release;
		};
		C9D769842191357900C8A561 /* Build configuration list for PBXNativeTarget "XGAssetPickerController-Demo" */ = {
			isa = XCConfigurationList;
			buildConfigurations = (
				C9D769852191357900C8A561 /* Debug */,
				C9D769862191357900C8A561 /* Release */,
			);
			defaultConfigurationIsVisible = 0;
			defaultConfigurationName = Release;
		};
		C9D769872191357900C8A561 /* Build configuration list for PBXNativeTarget "XGAssetPickerController-DemoTests" */ = {
			isa = XCConfigurationList;
			buildConfigurations = (
				C9D769882191357900C8A561 /* Debug */,
				C9D769892191357900C8A561 /* Release */,
			);
			defaultConfigurationIsVisible = 0;
			defaultConfigurationName = Release;
		};
		C9D7698A2191357900C8A561 /* Build configuration list for PBXNativeTarget "XGAssetPickerController-DemoUITests" */ = {
			isa = XCConfigurationList;
			buildConfigurations = (
				C9D7698B2191357900C8A561 /* Debug */,
				C9D7698C2191357900C8A561 /* Release */,
			);
			defaultConfigurationIsVisible = 0;
			defaultConfigurationName = Release;
		};
/* End XCConfigurationList section */
	};
	rootObject = C9D769502191357800C8A561 /* Project object */;
}
