PODS:
  - FLAnimatedImage (1.0.12)

DEPENDENCIES:
  - FLAnimatedImage (~> 1.0)

SPEC REPOS:
  https://github.com/cocoapods/specs.git:
    - FLAnimatedImage

SPEC CHECKSUMS:
  FLAnimatedImage: 4a0b56255d9b05f18b6dd7ee06871be5d3b89e31

PODFILE CHECKSUM: 6d8bd92c85ecd581d71f7da0f63c8618964570f8

COCOAPODS: 1.5.3
